
Microsoft Visual Studio Solution File, Format Version 12.00
# Visual Studio Version 17
VisualStudioVersion = 17.1.32228.430
MinimumVisualStudioVersion = 10.0.40219.1
Project("{9A19103F-16F7-4668-BE54-9A1E7A4F7556}") = "MyBookStore.API", "MyBookStore.API\MyBookStore.API.csproj", "{CD7E06D7-EB69-45C0-95B6-D55D841F1880}"
EndProject
Project("{9A19103F-16F7-4668-BE54-9A1E7A4F7556}") = "MyBookStore.Application", "MyBookStore.Application\MyBookStore.Application.csproj", "{3129E945-16A2-4F4F-BE21-C96FE93E5629}"
EndProject
Project("{9A19103F-16F7-4668-BE54-9A1E7A4F7556}") = "MyBookStore.Core", "MyBookStore.Core\MyBookStore.Core.csproj", "{2D3464E6-46B9-40EE-B353-F78D9B07CDA2}"
EndProject
Project("{9A19103F-16F7-4668-BE54-9A1E7A4F7556}") = "MyBookStore.Domain", "MyBookStore.Domain\MyBookStore.Domain.csproj", "{26BD26A3-1862-4A40-A0CE-04557B8BAD56}"
EndProject
Project("{9A19103F-16F7-4668-BE54-9A1E7A4F7556}") = "MyBookStore.Infrastructure", "MyBookStore.Infrastructure\MyBookStore.Infrastructure.csproj", "{F571A36B-B329-43D3-863E-8AAC6450F9DF}"
EndProject
Global
	GlobalSection(SolutionConfigurationPlatforms) = preSolution
		Debug|Any CPU = Debug|Any CPU
		Release|Any CPU = Release|Any CPU
	EndGlobalSection
	GlobalSection(ProjectConfigurationPlatforms) = postSolution
		{CD7E06D7-EB69-45C0-95B6-D55D841F1880}.Debug|Any CPU.ActiveCfg = Debug|Any CPU
		{CD7E06D7-EB69-45C0-95B6-D55D841F1880}.Debug|Any CPU.Build.0 = Debug|Any CPU
		{CD7E06D7-EB69-45C0-95B6-D55D841F1880}.Release|Any CPU.ActiveCfg = Release|Any CPU
		{CD7E06D7-EB69-45C0-95B6-D55D841F1880}.Release|Any CPU.Build.0 = Release|Any CPU
		{3129E945-16A2-4F4F-BE21-C96FE93E5629}.Debug|Any CPU.ActiveCfg = Debug|Any CPU
		{3129E945-16A2-4F4F-BE21-C96FE93E5629}.Debug|Any CPU.Build.0 = Debug|Any CPU
		{3129E945-16A2-4F4F-BE21-C96FE93E5629}.Release|Any CPU.ActiveCfg = Release|Any CPU
		{3129E945-16A2-4F4F-BE21-C96FE93E5629}.Release|Any CPU.Build.0 = Release|Any CPU
		{2D3464E6-46B9-40EE-B353-F78D9B07CDA2}.Debug|Any CPU.ActiveCfg = Debug|Any CPU
		{2D3464E6-46B9-40EE-B353-F78D9B07CDA2}.Debug|Any CPU.Build.0 = Debug|Any CPU
		{2D3464E6-46B9-40EE-B353-F78D9B07CDA2}.Release|Any CPU.ActiveCfg = Release|Any CPU
		{2D3464E6-46B9-40EE-B353-F78D9B07CDA2}.Release|Any CPU.Build.0 = Release|Any CPU
		{26BD26A3-1862-4A40-A0CE-04557B8BAD56}.Debug|Any CPU.ActiveCfg = Debug|Any CPU
		{26BD26A3-1862-4A40-A0CE-04557B8BAD56}.Debug|Any CPU.Build.0 = Debug|Any CPU
		{26BD26A3-1862-4A40-A0CE-04557B8BAD56}.Release|Any CPU.ActiveCfg = Release|Any CPU
		{26BD26A3-1862-4A40-A0CE-04557B8BAD56}.Release|Any CPU.Build.0 = Release|Any CPU
		{F571A36B-B329-43D3-863E-8AAC6450F9DF}.Debug|Any CPU.ActiveCfg = Debug|Any CPU
		{F571A36B-B329-43D3-863E-8AAC6450F9DF}.Debug|Any CPU.Build.0 = Debug|Any CPU
		{F571A36B-B329-43D3-863E-8AAC6450F9DF}.Release|Any CPU.ActiveCfg = Release|Any CPU
		{F571A36B-B329-43D3-863E-8AAC6450F9DF}.Release|Any CPU.Build.0 = Release|Any CPU
	EndGlobalSection
	GlobalSection(SolutionProperties) = preSolution
		HideSolutionNode = FALSE
	EndGlobalSection
	GlobalSection(ExtensibilityGlobals) = postSolution
		SolutionGuid = {ADC01FBF-D4C5-46DD-BF5D-EE40DF3F9F4E}
	EndGlobalSection
EndGlobal
